
Microsoft Visual Studio Solution File, Format Version 12.00
# Visual Studio Version 17
VisualStudioVersion = 17.11.35327.3
MinimumVisualStudioVersion = 10.0.40219.1
Project("{FAE04EC0-301F-11D3-BF4B-00C04F79EFBC}") = "shop", "shop\shop.csproj", "{70CEF8CE-A133-43B4-ABC7-BE5F2BE6C818}"
EndProject
Global
	GlobalSection(SolutionConfigurationPlatforms) = preSolution
		Debug|Any CPU = Debug|Any CPU
		Release|Any CPU = Release|Any CPU
	EndGlobalSection
	GlobalSection(ProjectConfigurationPlatforms) = postSolution
		{70CEF8CE-A133-43B4-ABC7-BE5F2BE6C818}.Debug|Any CPU.ActiveCfg = Debug|Any CPU
		{70CEF8CE-A133-43B4-ABC7-BE5F2BE6C818}.Debug|Any CPU.Build.0 = Debug|Any CPU
		{70CEF8CE-A133-43B4-ABC7-BE5F2BE6C818}.Release|Any CPU.ActiveCfg = Release|Any CPU
		{70CEF8CE-A133-43B4-ABC7-BE5F2BE6C818}.Release|Any CPU.Build.0 = Release|Any CPU
	EndGlobalSection
	GlobalSection(SolutionProperties) = preSolution
		HideSolutionNode = FALSE
	EndGlobalSection
	GlobalSection(ExtensibilityGlobals) = postSolution
		SolutionGuid = {B8A8B721-BE20-416E-97D7-54601A653C79}
	EndGlobalSection
EndGlobal
